
Microsoft Visual Studio Solution File, Format Version 12.00
# Visual Studio 2013
VisualStudioVersion = 12.0.21005.1
MinimumVisualStudioVersion = 10.0.40219.1
Project("{FAE04EC0-301F-11D3-BF4B-00C04F79EFBC}") = "Cr_Json_Obj_nd_Sh_in_Para_Jquery", "Cr_Json_Obj_nd_Sh_in_Para_Jquery\Cr_Json_Obj_nd_Sh_in_Para_Jquery.csproj", "{495FC4E1-3176-45A1-B8B5-5966183F6598}"
EndProject
Global
	GlobalSection(SolutionConfigurationPlatforms) = preSolution
		Debug|Any CPU = Debug|Any CPU
		Release|Any CPU = Release|Any CPU
	EndGlobalSection
	GlobalSection(ProjectConfigurationPlatforms) = postSolution
		{495FC4E1-3176-45A1-B8B5-5966183F6598}.Debug|Any CPU.ActiveCfg = Debug|Any CPU
		{495FC4E1-3176-45A1-B8B5-5966183F6598}.Debug|Any CPU.Build.0 = Debug|Any CPU
		{495FC4E1-3176-45A1-B8B5-5966183F6598}.Release|Any CPU.ActiveCfg = Release|Any CPU
		{495FC4E1-3176-45A1-B8B5-5966183F6598}.Release|Any CPU.Build.0 = Release|Any CPU
	EndGlobalSection
	GlobalSection(SolutionProperties) = preSolution
		HideSolutionNode = FALSE
	EndGlobalSection
EndGlobal
